// !$*UTF8*$!
{
	archiveVersion = 1;
	classes = {
	};
	objectVersion = 46;
	objects = {

/* Begin PBXBuildFile section */
		4055366D1D214420004A7924 /* AppDelegate.swift in Sources */ = {isa = PBXBuildFile; fileRef = 4055366C1D214420004A7924 /* AppDelegate.swift */; };
		4055366F1D214420004A7924 /* ViewController.swift in Sources */ = {isa = PBXBuildFile; fileRef = 4055366E1D214420004A7924 /* ViewController.swift */; };
		405536721D214420004A7924 /* Main.storyboard in Resources */ = {isa = PBXBuildFile; fileRef = 405536701D214420004A7924 /* Main.storyboard */; };
		405536741D214420004A7924 /* Assets.xcassets in Resources */ = {isa = PBXBuildFile; fileRef = 405536731D214420004A7924 /* Assets.xcassets */; };
		405536771D214420004A7924 /* LaunchScreen.storyboard in Resources */ = {isa = PBXBuildFile; fileRef = 405536751D214420004A7924 /* LaunchScreen.storyboard */; };
/* End PBXBuildFile section */

/* Begin PBXFileReference section */
		405536691D214420004A7924 /* Swift_Lesson3.app */ = {isa = PBXFileReference; explicitFileType = wrapper.application; includeInIndex = 0; path = Swift_Lesson3.app; sourceTree = BUILT_PRODUCTS_DIR; };
		4055366C1D214420004A7924 /* AppDelegate.swift */ = {isa = PBXFileReference; lastKnownFileType = sourcecode.swift; path = AppDelegate.swift; sourceTree = "<group>"; };
		4055366E1D214420004A7924 /* ViewController.swift */ = {isa = PBXFileReference; lastKnownFileType = sourcecode.swift; path = ViewController.swift; sourceTree = "<group>"; };
		405536711D214420004A7924 /* Base */ = {isa = PBXFileReference; lastKnownFileType = file.storyboard; name = Base; path = Base.lproj/Main.storyboard; sourceTree = "<group>"; };
		405536731D214420004A7924 /* Assets.xcassets */ = {isa = PBXFileReference; lastKnownFileType = folder.assetcatalog; path = Assets.xcassets; sourceTree = "<group>"; };
		405536761D214420004A7924 /* Base */ = {isa = PBXFileReference; lastKnownFileType = file.storyboard; name = Base; path = Base.lproj/LaunchScreen.storyboard; sourceTree = "<group>"; };
		405536781D214420004A7924 /* Info.plist */ = {isa = PBXFileReference; lastKnownFileType = text.plist.xml; path = Info.plist; sourceTree = "<group>"; };
/* End PBXFileReference section */

/* Begin PBXFrameworksBuildPhase section */
		405536661D214420004A7924 /* Frameworks */ = {
			isa = PBXFrameworksBuildPhase;
			buildActionMask = 2147483647;
			files = (
			);
			runOnlyForDeploymentPostprocessing = 0;
		};
/* End PBXFrameworksBuildPhase section */

/* Begin PBXGroup section */
		405536601D214420004A7924 = {
			isa = PBXGroup;
			children = (
				4055366B1D214420004A7924 /* Swift_Lesson3 */,
				4055366A1D214420004A7924 /* Products */,
			);
			sourceTree = "<group>";
		};
		4055366A1D214420004A7924 /* Products */ = {
			isa = PBXGroup;
			children = (
				405536691D214420004A7924 /* Swift_Lesson3.app */,
			);
			name = Products;
			sourceTree = "<group>";
		};
		4055366B1D214420004A7924 /* Swift_Lesson3 */ = {
			isa = PBXGroup;
			children = (
				4055366C1D214420004A7924 /* AppDelegate.swift */,
				4055366E1D214420004A7924 /* ViewController.swift */,
				405536701D214420004A7924 /* Main.storyboard */,
				405536731D214420004A7924 /* Assets.xcassets */,
				405536751D214420004A7924 /* LaunchScreen.storyboard */,
				405536781D214420004A7924 /* Info.plist */,
			);
			path = Swift_Lesson3;
			sourceTree = "<group>";
		};
/* End PBXGroup section */

/* Begin PBXNativeTarget section */
		405536681D214420004A7924 /* Swift_Lesson3 */ = {
			isa = PBXNativeTarget;
			buildConfigurationList = 4055367B1D214420004A7924 /* Build configuration list for PBXNativeTarget "Swift_Lesson3" */;
			buildPhases = (
				405536651D214420004A7924 /* Sources */,
				405536661D214420004A7924 /* Frameworks */,
				405536671D214420004A7924 /* Resources */,
			);
			buildRules = (
			);
			dependencies = (
			);
			name = Swift_Lesson3;
			productName = Swift_Lesson3;
			productReference = 405536691D214420004A7924 /* Swift_Lesson3.app */;
			productType = "com.apple.product-type.application";
		};
/* End PBXNativeTarget section */

/* Begin PBXProject section */
		405536611D214420004A7924 /* Project object */ = {
			isa = PBXProject;
			attributes = {
				LastSwiftUpdateCheck = 0800;
				LastUpgradeCheck = 0800;
				ORGANIZATIONNAME = "Wu, Weng-Feng";
				TargetAttributes = {
					405536681D214420004A7924 = {
						CreatedOnToolsVersion = 8.0;
						DevelopmentTeam = TLFAH5W4KS;
						DevelopmentTeamName = "文鳳 吳 (Personal Team)";
						ProvisioningStyle = Automatic;
					};
				};
			};
			buildConfigurationList = 405536641D214420004A7924 /* Build configuration list for PBXProject "Swift_Lesson3" */;
			compatibilityVersion = "Xcode 3.2";
			developmentRegion = English;
			hasScannedForEncodings = 0;
			knownRegions = (
				en,
				Base,
			);
			mainGroup = 405536601D214420004A7924;
			productRefGroup = 4055366A1D214420004A7924 /* Products */;
			projectDirPath = "";
			projectRoot = "";
			targets = (
				405536681D214420004A7924 /* Swift_Lesson3 */,
			);
		};
/* End PBXProject section */

/* Begin PBXResourcesBuildPhase section */
		405536671D214420004A7924 /* Resources */ = {
			isa = PBXResourcesBuildPhase;
			buildActionMask = 2147483647;
			files = (
				405536771D214420004A7924 /* LaunchScreen.storyboard in Resources */,
				405536741D214420004A7924 /* Assets.xcassets in Resources */,
				405536721D214420004A7924 /* Main.storyboard in Resources */,
			);
			runOnlyForDeploymentPostprocessing = 0;
		};
/* End PBXResourcesBuildPhase section */

/* Begin PBXSourcesBuildPhase section */
		405536651D214420004A7924 /* Sources */ = {
			isa = PBXSourcesBuildPhase;
			buildActionMask = 2147483647;
			files = (
				4055366F1D214420004A7924 /* ViewController.swift in Sources */,
				4055366D1D214420004A7924 /* AppDelegate.swift in Sources */,
			);
			runOnlyForDeploymentPostprocessing = 0;
		};
/* End PBXSourcesBuildPhase section */

/* Begin PBXVariantGroup section */
		405536701D214420004A7924 /* Main.storyboard */ = {
			isa = PBXVariantGroup;
			children = (
				405536711D214420004A7924 /* Base */,
			);
			name = Main.storyboard;
			sourceTree = "<group>";
		};
		405536751D214420004A7924 /* LaunchScreen.storyboard */ = {
			isa = PBXVariantGroup;
			children = (
				405536761D214420004A7924 /* Base */,
			);
			name = LaunchScreen.storyboard;
			sourceTree = "<group>";
		};
/* End PBXVariantGroup section */

/* Begin XCBuildConfiguration section */
		405536791D214420004A7924 /* Debug */ = {
			isa = XCBuildConfiguration;
			buildSettings = {
				ALWAYS_SEARCH_USER_PATHS = NO;
				CLANG_ANALYZER_NONNULL = YES;
				CLANG_CXX_LANGUAGE_STANDARD = "gnu++0x";
				CLANG_CXX_LIBRARY = "libc++";
				CLANG_ENABLE_MODULES = YES;
				CLANG_ENABLE_OBJC_ARC = YES;
				CLANG_WARN_BOOL_CONVERSION = YES;
				CLANG_WARN_CONSTANT_CONVERSION = YES;
				CLANG_WARN_DIRECT_OBJC_ISA_USAGE = YES_ERROR;
				CLANG_WARN_DOCUMENTATION_COMMENTS = YES;
				CLANG_WARN_EMPTY_BODY = YES;
				CLANG_WARN_ENUM_CONVERSION = YES;
				CLANG_WARN_INT_CONVERSION = YES;
				CLANG_WARN_OBJC_ROOT_CLASS = YES_ERROR;
				CLANG_WARN_UNREACHABLE_CODE = YES;
				CLANG_WARN__DUPLICATE_METHOD_MATCH = YES;
				"CODE_SIGN_IDENTITY[sdk=iphoneos*]" = "iPhone Developer";
				COPY_PHASE_STRIP = NO;
				DEBUG_INFORMATION_FORMAT = dwarf;
				ENABLE_STRICT_OBJC_MSGSEND = YES;
				ENABLE_TESTABILITY = YES;
				GCC_C_LANGUAGE_STANDARD = gnu99;
				GCC_DYNAMIC_NO_PIC = NO;
				GCC_NO_COMMON_BLOCKS = YES;
				GCC_OPTIMIZATION_LEVEL = 0;
				GCC_PREPROCESSOR_DEFINITIONS = (
					"DEBUG=1",
					"$(inherited)",
				);
				GCC_WARN_64_TO_32_BIT_CONVERSION = YES;
				GCC_WARN_ABOUT_RETURN_TYPE = YES_ERROR;
				GCC_WARN_UNDECLARED_SELECTOR = YES;
				GCC_WARN_UNINITIALIZED_AUTOS = YES_AGGRESSIVE;
				GCC_WARN_UNUSED_FUNCTION = YES;
				GCC_WARN_UNUSED_VARIABLE = YES;
				IPHONEOS_DEPLOYMENT_TARGET = 10.0;
				MTL_ENABLE_DEBUG_INFO = YES;
				ONLY_ACTIVE_ARCH = YES;
				SDKROOT = iphoneos;
				SWIFT_ACTIVE_COMPILATION_CONDITIONS = DEBUG;
				SWIFT_OPTIMIZATION_LEVEL = "-Onone";
			};
			name = Debug;
		};
		4055367A1D214420004A7924 /* Release */ = {
			isa = XCBuildConfiguration;
			buildSettings = {
				ALWAYS_SEARCH_USER_PATHS = NO;
				CLANG_ANALYZER_NONNULL = YES;
				CLANG_CXX_LANGUAGE_STANDARD = "gnu++0x";
				CLANG_CXX_LIBRARY = "libc++";
				CLANG_ENABLE_MODULES = YES;
				CLANG_ENABLE_OBJC_ARC = YES;
				CLANG_WARN_BOOL_CONVERSION = YES;
				CLANG_WARN_CONSTANT_CONVERSION = YES;
				CLANG_WARN_DIRECT_OBJC_ISA_USAGE = YES_ERROR;
				CLANG_WARN_DOCUMENTATION_COMMENTS = YES;
				CLANG_WARN_EMPTY_BODY = YES;
				CLANG_WARN_ENUM_CONVERSION = YES;
				CLANG_WARN_INT_CONVERSION = YES;
				CLANG_WARN_OBJC_ROOT_CLASS = YES_ERROR;
				CLANG_WARN_UNREACHABLE_CODE = YES;
				CLANG_WARN__DUPLICATE_METHOD_MATCH = YES;
				"CODE_SIGN_IDENTITY[sdk=iphoneos*]" = "iPhone Developer";
				COPY_PHASE_STRIP = NO;
				DEBUG_INFORMATION_FORMAT = "dwarf-with-dsym";
				ENABLE_NS_ASSERTIONS = NO;
				ENABLE_STRICT_OBJC_MSGSEND = YES;
				GCC_C_LANGUAGE_STANDARD = gnu99;
				GCC_NO_COMMON_BLOCKS = YES;
				GCC_WARN_64_TO_32_BIT_CONVERSION = YES;
				GCC_WARN_ABOUT_RETURN_TYPE = YES_ERROR;
				GCC_WARN_UNDECLARED_SELECTOR = YES;
				GCC_WARN_UNINITIALIZED_AUTOS = YES_AGGRESSIVE;
				GCC_WARN_UNUSED_FUNCTION = YES;
				GCC_WARN_UNUSED_VARIABLE = YES;
				IPHONEOS_DEPLOYMENT_TARGET = 10.0;
				MTL_ENABLE_DEBUG_INFO = NO;
				SDKROOT = iphoneos;
				SWIFT_OPTIMIZATION_LEVEL = "-Owholemodule";
				VALIDATE_PRODUCT = YES;
			};
			name = Release;
		};
		4055367C1D214420004A7924 /* Debug */ = {
			isa = XCBuildConfiguration;
			buildSettings = {
				ASSETCATALOG_COMPILER_APPICON_NAME = AppIcon;
				INFOPLIST_FILE = Swift_Lesson3/Info.plist;
				LD_RUNPATH_SEARCH_PATHS = "$(inherited) @executable_path/Frameworks";
				PRODUCT_BUNDLE_IDENTIFIER = "com.dorisPractice.Swift-Lesson3";
				PRODUCT_NAME = "$(TARGET_NAME)";
				SWIFT_VERSION = 3.0;
			};
			name = Debug;
		};
		4055367D1D214420004A7924 /* Release */ = {
			isa = XCBuildConfiguration;
			buildSettings = {
				ASSETCATALOG_COMPILER_APPICON_NAME = AppIcon;
				INFOPLIST_FILE = Swift_Lesson3/Info.plist;
				LD_RUNPATH_SEARCH_PATHS = "$(inherited) @executable_path/Frameworks";
				PRODUCT_BUNDLE_IDENTIFIER = "com.dorisPractice.Swift-Lesson3";
				PRODUCT_NAME = "$(TARGET_NAME)";
				SWIFT_VERSION = 3.0;
			};
			name = Release;
		};
/* End XCBuildConfiguration section */

/* Begin XCConfigurationList section */
		405536641D214420004A7924 /* Build configuration list for PBXProject "Swift_Lesson3" */ = {
			isa = XCConfigurationList;
			buildConfigurations = (
				405536791D214420004A7924 /* Debug */,
				4055367A1D214420004A7924 /* Release */,
			);
			defaultConfigurationIsVisible = 0;
			defaultConfigurationName = Release;
		};
		4055367B1D214420004A7924 /* Build configuration list for PBXNativeTarget "Swift_Lesson3" */ = {
			isa = XCConfigurationList;
			buildConfigurations = (
				4055367C1D214420004A7924 /* Debug */,
				4055367D1D214420004A7924 /* Release */,
			);
			defaultConfigurationIsVisible = 0;
		};
/* End XCConfigurationList section */
	};
	rootObject = 405536611D214420004A7924 /* Project object */;
}
